
Microsoft Visual Studio Solution File, Format Version 12.00
# Visual Studio Version 16
VisualStudioVersion = 16.0.30114.105
MinimumVisualStudioVersion = 10.0.40219.1
Project("{FAE04EC0-301F-11D3-BF4B-00C04F79EFBC}") = "HelloASPDotNET 2", "HelloASPDotNET 2\HelloASPDotNET 2.csproj", "{E0A2A90B-0AFB-4CFE-B8FC-F6FDC2A4A7F8}"
EndProject
Global
	GlobalSection(SolutionConfigurationPlatforms) = preSolution
		Debug|Any CPU = Debug|Any CPU
		Release|Any CPU = Release|Any CPU
	EndGlobalSection
	GlobalSection(ProjectConfigurationPlatforms) = postSolution
		{E0A2A90B-0AFB-4CFE-B8FC-F6FDC2A4A7F8}.Debug|Any CPU.ActiveCfg = Debug|Any CPU
		{E0A2A90B-0AFB-4CFE-B8FC-F6FDC2A4A7F8}.Debug|Any CPU.Build.0 = Debug|Any CPU
		{E0A2A90B-0AFB-4CFE-B8FC-F6FDC2A4A7F8}.Release|Any CPU.ActiveCfg = Release|Any CPU
		{E0A2A90B-0AFB-4CFE-B8FC-F6FDC2A4A7F8}.Release|Any CPU.Build.0 = Release|Any CPU
	EndGlobalSection
	GlobalSection(SolutionProperties) = preSolution
		HideSolutionNode = FALSE
	EndGlobalSection
	GlobalSection(ExtensibilityGlobals) = postSolution
		SolutionGuid = {BFE0EE2E-812C-483E-874E-8724702107E7}
	EndGlobalSection
EndGlobal
